
Microsoft Visual Studio Solution File, Format Version 12.00
# Visual Studio Version 17
VisualStudioVersion = 17.8.34309.116
MinimumVisualStudioVersion = 10.0.40219.1
Project("{2150E333-8FDC-42A3-9474-1A3956D46DE8}") = "Элементы решения", "Элементы решения", "{AE7C46A3-F3CA-4457-B681-9816E5D1E9D0}"
	ProjectSection(SolutionItems) = preProject
		.gitignore = .gitignore
	EndProjectSection
EndProject
Project("{9A19103F-16F7-4668-BE54-9A1E7A4F7556}") = "Models", "Models\Models.csproj", "{A71960DA-6F3C-43D4-ABE9-ED589FD49F94}"
EndProject
Project("{9A19103F-16F7-4668-BE54-9A1E7A4F7556}") = "DataHashing", "DataHashing\DataHashing.csproj", "{D78D2C63-4BB4-4E79-94A1-AB4D70A1834B}"
EndProject
Project("{9A19103F-16F7-4668-BE54-9A1E7A4F7556}") = "DataTransporting", "DataTransporting\DataTransporting.csproj", "{2B535DAC-6C20-43BD-BE50-014E2B69E82C}"
EndProject
Project("{9A19103F-16F7-4668-BE54-9A1E7A4F7556}") = "DBLayer", "DBLayer\DBLayer.csproj", "{FCCB8B61-D792-4B76-B986-D2BBA45CDA24}"
EndProject
Project("{9A19103F-16F7-4668-BE54-9A1E7A4F7556}") = "Server", "Server\Server.csproj", "{8AE65009-1246-4483-A468-2278E0786DA9}"
EndProject
Project("{FAE04EC0-301F-11D3-BF4B-00C04F79EFBC}") = "AdminModule", "AdminModule\AdminModule.csproj", "{97A4EA8C-6D01-457E-86A0-9B541ECA7A8A}"
EndProject
Global
	GlobalSection(SolutionConfigurationPlatforms) = preSolution
		Debug|Any CPU = Debug|Any CPU
		Release|Any CPU = Release|Any CPU
	EndGlobalSection
	GlobalSection(ProjectConfigurationPlatforms) = postSolution
		{A71960DA-6F3C-43D4-ABE9-ED589FD49F94}.Debug|Any CPU.ActiveCfg = Debug|Any CPU
		{A71960DA-6F3C-43D4-ABE9-ED589FD49F94}.Debug|Any CPU.Build.0 = Debug|Any CPU
		{A71960DA-6F3C-43D4-ABE9-ED589FD49F94}.Release|Any CPU.ActiveCfg = Release|Any CPU
		{A71960DA-6F3C-43D4-ABE9-ED589FD49F94}.Release|Any CPU.Build.0 = Release|Any CPU
		{D78D2C63-4BB4-4E79-94A1-AB4D70A1834B}.Debug|Any CPU.ActiveCfg = Debug|Any CPU
		{D78D2C63-4BB4-4E79-94A1-AB4D70A1834B}.Debug|Any CPU.Build.0 = Debug|Any CPU
		{D78D2C63-4BB4-4E79-94A1-AB4D70A1834B}.Release|Any CPU.ActiveCfg = Release|Any CPU
		{D78D2C63-4BB4-4E79-94A1-AB4D70A1834B}.Release|Any CPU.Build.0 = Release|Any CPU
		{2B535DAC-6C20-43BD-BE50-014E2B69E82C}.Debug|Any CPU.ActiveCfg = Debug|Any CPU
		{2B535DAC-6C20-43BD-BE50-014E2B69E82C}.Debug|Any CPU.Build.0 = Debug|Any CPU
		{2B535DAC-6C20-43BD-BE50-014E2B69E82C}.Release|Any CPU.ActiveCfg = Release|Any CPU
		{2B535DAC-6C20-43BD-BE50-014E2B69E82C}.Release|Any CPU.Build.0 = Release|Any CPU
		{FCCB8B61-D792-4B76-B986-D2BBA45CDA24}.Debug|Any CPU.ActiveCfg = Debug|Any CPU
		{FCCB8B61-D792-4B76-B986-D2BBA45CDA24}.Debug|Any CPU.Build.0 = Debug|Any CPU
		{FCCB8B61-D792-4B76-B986-D2BBA45CDA24}.Release|Any CPU.ActiveCfg = Release|Any CPU
		{FCCB8B61-D792-4B76-B986-D2BBA45CDA24}.Release|Any CPU.Build.0 = Release|Any CPU
		{8AE65009-1246-4483-A468-2278E0786DA9}.Debug|Any CPU.ActiveCfg = Debug|Any CPU
		{8AE65009-1246-4483-A468-2278E0786DA9}.Debug|Any CPU.Build.0 = Debug|Any CPU
		{8AE65009-1246-4483-A468-2278E0786DA9}.Release|Any CPU.ActiveCfg = Release|Any CPU
		{8AE65009-1246-4483-A468-2278E0786DA9}.Release|Any CPU.Build.0 = Release|Any CPU
		{97A4EA8C-6D01-457E-86A0-9B541ECA7A8A}.Debug|Any CPU.ActiveCfg = Debug|Any CPU
		{97A4EA8C-6D01-457E-86A0-9B541ECA7A8A}.Debug|Any CPU.Build.0 = Debug|Any CPU
		{97A4EA8C-6D01-457E-86A0-9B541ECA7A8A}.Debug|Any CPU.Deploy.0 = Debug|Any CPU
		{97A4EA8C-6D01-457E-86A0-9B541ECA7A8A}.Release|Any CPU.ActiveCfg = Release|Any CPU
		{97A4EA8C-6D01-457E-86A0-9B541ECA7A8A}.Release|Any CPU.Build.0 = Release|Any CPU
		{97A4EA8C-6D01-457E-86A0-9B541ECA7A8A}.Release|Any CPU.Deploy.0 = Release|Any CPU
	EndGlobalSection
	GlobalSection(SolutionProperties) = preSolution
		HideSolutionNode = FALSE
	EndGlobalSection
	GlobalSection(ExtensibilityGlobals) = postSolution
		SolutionGuid = {B5BA3422-4A18-427D-9044-68757319F2F4}
	EndGlobalSection
EndGlobal
